
Microsoft Visual Studio Solution File, Format Version 12.00
# Visual Studio Version 17
VisualStudioVersion = 17.11.35303.130
MinimumVisualStudioVersion = 10.0.40219.1
Project("{FAE04EC0-301F-11D3-BF4B-00C04F79EFBC}") = "E_learning", "E_learning\E_learning.csproj", "{CC5838F1-00E6-43E6-AA56-A87F01F75838}"
EndProject
Global
	GlobalSection(SolutionConfigurationPlatforms) = preSolution
		Debug|Any CPU = Debug|Any CPU
		Release|Any CPU = Release|Any CPU
	EndGlobalSection
	GlobalSection(ProjectConfigurationPlatforms) = postSolution
		{CC5838F1-00E6-43E6-AA56-A87F01F75838}.Debug|Any CPU.ActiveCfg = Debug|Any CPU
		{CC5838F1-00E6-43E6-AA56-A87F01F75838}.Debug|Any CPU.Build.0 = Debug|Any CPU
		{CC5838F1-00E6-43E6-AA56-A87F01F75838}.Release|Any CPU.ActiveCfg = Release|Any CPU
		{CC5838F1-00E6-43E6-AA56-A87F01F75838}.Release|Any CPU.Build.0 = Release|Any CPU
	EndGlobalSection
	GlobalSection(SolutionProperties) = preSolution
		HideSolutionNode = FALSE
	EndGlobalSection
	GlobalSection(ExtensibilityGlobals) = postSolution
		SolutionGuid = {76D6E212-A3C9-4B5D-BA32-4B21E8F1AE0B}
	EndGlobalSection
EndGlobal
